
Microsoft Visual Studio Solution File, Format Version 12.00
# Visual Studio 2012
Project("{FAE04EC0-301F-11D3-BF4B-00C04F79EFBC}") = "CorcoranAPI", "globaleditAPI\CorcoranAPI.csproj", "{D06CBF68-3CF1-4AB8-B3DA-85EF0575AB6E}"
EndProject
Project("{E53339B2-1760-4266-BCC7-CA923CBCF16C}") = "docker-compose", "docker-compose.dcproj", "{859800B4-5C74-4D5E-832F-5E2A222311DF}"
EndProject
Global
	GlobalSection(SolutionConfigurationPlatforms) = preSolution
		Debug|Any CPU = Debug|Any CPU
		Release|Any CPU = Release|Any CPU
	EndGlobalSection
	GlobalSection(ProjectConfigurationPlatforms) = postSolution
		{D06CBF68-3CF1-4AB8-B3DA-85EF0575AB6E}.Debug|Any CPU.ActiveCfg = Debug|Any CPU
		{D06CBF68-3CF1-4AB8-B3DA-85EF0575AB6E}.Debug|Any CPU.Build.0 = Debug|Any CPU
		{D06CBF68-3CF1-4AB8-B3DA-85EF0575AB6E}.Release|Any CPU.ActiveCfg = Release|Any CPU
		{D06CBF68-3CF1-4AB8-B3DA-85EF0575AB6E}.Release|Any CPU.Build.0 = Release|Any CPU
		{859800B4-5C74-4D5E-832F-5E2A222311DF}.Debug|Any CPU.ActiveCfg = Debug|Any CPU
		{859800B4-5C74-4D5E-832F-5E2A222311DF}.Debug|Any CPU.Build.0 = Debug|Any CPU
		{859800B4-5C74-4D5E-832F-5E2A222311DF}.Release|Any CPU.ActiveCfg = Release|Any CPU
		{859800B4-5C74-4D5E-832F-5E2A222311DF}.Release|Any CPU.Build.0 = Release|Any CPU
	EndGlobalSection
EndGlobal
